
Microsoft Visual Studio Solution File, Format Version 12.00
# Visual Studio 15
VisualStudioVersion = 15.0.27703.2042
MinimumVisualStudioVersion = 10.0.40219.1
Project("{FAE04EC0-301F-11D3-BF4B-00C04F79EFBC}") = "AesPad", "AesPad\AesPad.csproj", "{D24B95DD-2CFC-4F40-B23C-18ED347913DB}"
EndProject
Global
	GlobalSection(SolutionConfigurationPlatforms) = preSolution
		Debug|Any CPU = Debug|Any CPU
		Release|Any CPU = Release|Any CPU
	EndGlobalSection
	GlobalSection(ProjectConfigurationPlatforms) = postSolution
		{D24B95DD-2CFC-4F40-B23C-18ED347913DB}.Debug|Any CPU.ActiveCfg = Debug|Any CPU
		{D24B95DD-2CFC-4F40-B23C-18ED347913DB}.Debug|Any CPU.Build.0 = Debug|Any CPU
		{D24B95DD-2CFC-4F40-B23C-18ED347913DB}.Release|Any CPU.ActiveCfg = Release|Any CPU
		{D24B95DD-2CFC-4F40-B23C-18ED347913DB}.Release|Any CPU.Build.0 = Release|Any CPU
	EndGlobalSection
	GlobalSection(SolutionProperties) = preSolution
		HideSolutionNode = FALSE
	EndGlobalSection
	GlobalSection(ExtensibilityGlobals) = postSolution
		SolutionGuid = {EA72DEC0-3231-40C7-A9CE-06CCB3E3F5D6}
	EndGlobalSection
EndGlobal
